# THIS IS AN AUTOGENERATED FILE. DO NOT EDIT THIS FILE DIRECTLY.
# yarn lockfile v1


isarray@0.0.1:
  version "0.0.1"
  resolved "https://registry.yarnpkg.com/isarray/-/isarray-0.0.1.tgz#8a18acfca9a8f4177e09abfc6038939b05d1eedf"
  integrity sha1-ihis/Kmo9Bd+Cav8YDiTmwXR7t8=

path-to-regexp@^1.7.0:
  version "1.8.0"
  resolved "https://registry.yarnpkg.com/path-to-regexp/-/path-to-regexp-1.8.0.tgz#887b3ba9d84393e87a0a0b9f4cb756198b53548a"
  integrity sha512-n43JRhlUKUAlibEJhPeir1ncUID16QnEjNpwzNdO3Lm4ywrBpBZ5oLD0I6br9evr1Y9JTqwRtAh7JLoOzAQdVA==
  dependencies:
    isarray "0.0.1"

vue-sidebar-menu@^4.7.3:
  version "4.7.3"
  resolved "https://registry.yarnpkg.com/vue-sidebar-menu/-/vue-sidebar-menu-4.7.3.tgz#fc27b1ce71781428fe4ec62db3201fad125d25cb"
  integrity sha512-CmbPYXFbDl11CGenGKmT9IdzpvBTcDUmfcd+fqr93DS3aPRBpVJenK4g9Zw0mTvPvexkefOpac+8FFnGKPRqIw==
  dependencies:
    path-to-regexp "^1.7.0"
    vue "^2.5.21"

vue@^2.5.21:
  version "2.6.12"
  resolved "https://registry.yarnpkg.com/vue/-/vue-2.6.12.tgz#f5ebd4fa6bd2869403e29a896aed4904456c9123"
  integrity sha512-uhmLFETqPPNyuLLbsKz6ioJ4q7AZHzD8ZVFNATNyICSZouqP2Sz0rotWQC8UNBF6VGSCs5abnKJoStA6JbCbfg==
